
Microsoft Visual Studio Solution File, Format Version 12.00
# Visual Studio 2013
VisualStudioVersion = 12.0.30324.0
MinimumVisualStudioVersion = 10.0.40219.1
Project("{FAE04EC0-301F-11D3-BF4B-00C04F79EFBC}") = "ClipboardWatcher", "ClipboardWatcher\ClipboardWatcher.csproj", "{46C092AD-7B75-42A4-94D5-C756EB80EE93}"
EndProject
Project("{54435603-DBB4-11D2-8724-00A0C9A8B90C}") = "SetupClipboardWatcher", "SetupClipboardWatcher\SetupClipboardWatcher.vdproj", "{9351B178-1D89-4C6C-93E4-133754233A88}"
EndProject
Global
	GlobalSection(SolutionConfigurationPlatforms) = preSolution
		Debug|Any CPU = Debug|Any CPU
		Release|Any CPU = Release|Any CPU
	EndGlobalSection
	GlobalSection(ProjectConfigurationPlatforms) = postSolution
		{46C092AD-7B75-42A4-94D5-C756EB80EE93}.Debug|Any CPU.ActiveCfg = Debug|Any CPU
		{46C092AD-7B75-42A4-94D5-C756EB80EE93}.Debug|Any CPU.Build.0 = Debug|Any CPU
		{46C092AD-7B75-42A4-94D5-C756EB80EE93}.Release|Any CPU.ActiveCfg = Release|Any CPU
		{46C092AD-7B75-42A4-94D5-C756EB80EE93}.Release|Any CPU.Build.0 = Release|Any CPU
		{9351B178-1D89-4C6C-93E4-133754233A88}.Debug|Any CPU.ActiveCfg = Debug
		{9351B178-1D89-4C6C-93E4-133754233A88}.Release|Any CPU.ActiveCfg = Release
	EndGlobalSection
	GlobalSection(SolutionProperties) = preSolution
		HideSolutionNode = FALSE
	EndGlobalSection
EndGlobal
